{
  "items": {
    "zlib": {
      "dir": "vendor/zlib",
      "url": "https://github.com/status-im/nim-zlib",
      "commit": "74cdeb54b21bededb5a515d36f608bc1850555a2"
    },
    "stew": {
      "dir": "vendor/stew",
      "url": "https://github.com/status-im/nim-stew.git",
      "commit": "e18f5a62af2ade7a1fd1d39635d4e04d944def08"
    },
    "httputils": {
      "dir": "vendor/httputils",
      "url": "https://github.com/status-im/nim-http-utils.git",
      "commit": "e88e231dfcef4585fe3b2fbd9b664dbd28a88040"
    },
    "chronos": {
      "dir": "vendor/chronos",
      "url": "https://github.com/status-im/nim-chronos.git",
      "commit": "6525f4ce1d1a7eba146e5f1a53f6f105077ae686"
    },
    "upraises": {
      "dir": "vendor/upraises",
      "url": "https://github.com/markspanbroek/upraises.git",
      "commit": "ff4f8108e44fba9b35cac535ab63d3927e8fd3c2"
    },
    "sqlite3_abi": {
      "dir": "vendor/sqlite3_abi",
      "url": "https://github.com/arnetheduck/nim-sqlite3-abi",
      "commit": "362e1bd9f689ad9f5380d9d27f0705b3d4dfc7d3"
    },
    "questionable": {
      "dir": "vendor/questionable",
      "url": "https://github.com/status-im/questionable.git",
      "commit": "30e4184a99c8c1ba329925912d2c5d4b09acf8cc"
    },
    "websock": {
      "dir": "vendor/websock",
      "url": "https://github.com/status-im/nim-websock.git",
      "commit": "7b2ed397d6e4c37ea4df08ae82aeac7ff04cd180"
    },
    "secp256k1": {
      "dir": "vendor/secp256k1",
      "url": "https://github.com/status-im/nim-secp256k1.git",
      "commit": "5340cf188168d6afcafc8023770d880f067c0b2f"
    },
    "bearssl": {
      "dir": "vendor/bearssl",
      "url": "https://github.com/status-im/nim-bearssl.git",
      "commit": "f4c4233de453cb7eac0ce3f3ffad6496295f83ab"
    },
    "dnsclient": {
      "dir": "vendor/dnsclient",
      "url": "https://github.com/ba0f3/dnsclient.nim",
      "commit": "23214235d4784d24aceed99bbfe153379ea557c8"
    },
    "nimcrypto": {
      "dir": "vendor/nimcrypto",
      "url": "https://github.com/status-im/nimcrypto.git",
      "commit": "a5742a9a214ac33f91615f3862c7b099aec43b00"
    },
    "json_serialization": {
      "dir": "vendor/json_serialization",
      "url": "https://github.com/status-im/nim-json-serialization.git",
      "commit": "e5b18fb710c3d0167ec79f3b892f5a7a1bc6d1a4"
    },
    "testutils": {
      "dir": "vendor/testutils",
      "url": "https://github.com/status-im/nim-testutils",
      "commit": "dfc4c1b39f9ded9baf6365014de2b4bfb4dafc34"
    },
    "unittest2": {
      "dir": "vendor/unittest2",
      "url": "https://github.com/status-im/nim-unittest2.git",
      "commit": "02c49b8a994dd3f9eddfaab45262f9b8fa507f8e"
    },
    "combparser": {
      "dir": "vendor/combparser",
      "url": "https://github.com/PMunch/combparser.git",
      "commit": "ba4464c005d7617c008e2ed2ebc1ba52feb469c6"
    },
    "serialization": {
      "dir": "vendor/serialization",
      "url": "https://github.com/status-im/nim-serialization.git",
      "commit": "493d18b8292fc03aa4f835fd825dea1183f97466"
    },
    "faststreams": {
      "dir": "vendor/faststreams",
      "url": "https://github.com/status-im/nim-faststreams.git",
      "commit": "1b561a9e71b6bdad1c1cdff753418906037e9d09"
    },
    "nim-datastore": {
      "dir": "vendor/nim-datastore",
      "url": "https://github.com/codex-storage/nim-datastore",
      "commit": "0cde8aeb67c59fd0ac95496dc6b5e1168d6632aa"
    },
    "asynctest": {
      "dir": "vendor/asynctest",
      "url": "https://github.com/codex-storage/asynctest.git",
      "commit": "a236a5f0f3031573ac2cb082b63dbf6e170e06e7"
    },
    "stint": {
      "dir": "vendor/stint",
      "url": "https://github.com/status-im/nim-stint",
      "commit": "86621eced1dcfb5e25903019ebcfc76ed9128ec5"
    },
    "metrics": {
      "dir": "vendor/metrics",
      "url": "https://github.com/status-im/nim-metrics.git",
      "commit": "743f81d4f6c6ebf0ac02389f2392ff8b4235bee5"
    },
    "libp2p": {
      "dir": "vendor/libp2p",
      "url": "https://github.com/status-im/nim-libp2p.git",
      "commit": "a3e9d1ed80c048cd5abc839cbe0863cefcedc702"
    },
    "chronicles": {
      "dir": "vendor/chronicles",
      "url": "https://github.com/status-im/nim-chronicles.git",
      "commit": "7631f7b2ee03398cb1512a79923264e8f9410af6"
    },
    "protobuf_serialization": {
      "dir": "vendor/protobuf_serialization",
      "url": "https://github.com/status-im/nim-protobuf-serialization",
      "commit": "27b400fdf3bd8ce7120ca66fc1de39d3f1a5804a"
    }
  },
  "nimcfg": "\n############# begin Atlas config section ##########\n--noNimblePath\n--path:\"vendor/secp256k1\"\n--path:\"vendor/protobuf_serialization\"\n--path:\"vendor/nimcrypto\"\n--path:\"vendor/bearssl\"\n--path:\"vendor/chronicles\"\n--path:\"vendor/chronos\"\n--path:\"vendor/libp2p\"\n--path:\"vendor/metrics\"\n--path:\"vendor/stew\"\n--path:\"vendor/stint\"\n--path:\"vendor/asynctest\"\n--path:\"vendor/nim-datastore\"\n--path:\"vendor/questionable\"\n--path:\"vendor/faststreams\"\n--path:\"vendor/serialization\"\n--path:\"vendor/combparser/src\"\n--path:\"vendor/unittest2\"\n--path:\"vendor/testutils\"\n--path:\"vendor/json_serialization\"\n--path:\"vendor/httputils\"\n--path:\"vendor/dnsclient/src\"\n--path:\"vendor/websock\"\n--path:\"vendor/sqlite3_abi\"\n--path:\"vendor/upraises\"\n--path:\"vendor/zlib\"\n############# end Atlas config section   ##########\n",
  "nimbleFile": {
    "filename": "nim-codex-dht.nimble",
    "content": "# Package\n\nversion       = \"0.3.1\"\nauthor        = \"Status Research & Development GmbH\"\ndescription   = \"DHT based on the libp2p Kademlia spec\"\nlicense       = \"MIT\"\nskipDirs      = @[\"tests\"]\n\n\n# Dependencies\nrequires \"nim >= 1.2.0\"\nrequires \"secp256k1#b3f38e2795e805743b299dc5d96d332db375b520\" # >= 0.5.2 & < 0.6.0\nrequires \"protobuf_serialization#27b400fdf3bd8ce7120ca66fc1de39d3f1a5804a\" # >= 0.2.0 & < 0.3.0\nrequires \"nimcrypto == 0.5.4\"\nrequires \"bearssl#head\"\nrequires \"chronicles >= 0.10.2 & < 0.11.0\"\nrequires \"chronos#1394c9e04957928afc1db33d2e0965cfb677a1e0\" #  >= 3.0.11 & < 3.1.0\nrequires \"libp2p#unstable\"\nrequires \"metrics\"\nrequires \"stew#head\"\nrequires \"stint\"\nrequires \"asynctest >= 0.3.1 & < 0.4.0\"\nrequires \"https://github.com/status-im/nim-datastore#head\"\nrequires \"questionable\"\n\ninclude \"build.nims\"\n\n\n"
  },
  "hostOS": "macosx",
  "hostCPU": "arm64",
  "nimVersion": "1.6.14",
  "gccVersion": "",
  "clangVersion": ""
}