{
  "version": 1,
  "packages": {
    "unittest2": {
      "version": "0.0.4",
      "vcsRevision": "f180f596c88dfd266f746ed6f8dbebce39c824db",
      "url": "https://github.com/status-im/nim-unittest2.git",
      "downloadMethod": "git",
      "dependencies": [],
      "checksums": {
        "sha1": "fa309c41eaf6ef57895b9e603f2620a2f6e11780"
      }
    },
    "stew": {
      "version": "0.1.0",
      "vcsRevision": "e18f5a62af2ade7a1fd1d39635d4e04d944def08",
      "url": "https://github.com/status-im/nim-stew.git",
      "downloadMethod": "git",
      "dependencies": [],
      "checksums": {
        "sha1": "2a80972f66597bf87d820dca8164d89d3bb24c6d"
      }
    },
    "bearssl": {
      "version": "0.1.5",
      "vcsRevision": "f4c4233de453cb7eac0ce3f3ffad6496295f83ab",
      "url": "https://github.com/status-im/nim-bearssl",
      "downloadMethod": "git",
      "dependencies": [
        "unittest2"
      ],
      "checksums": {
        "sha1": "dabf4aaac8969fb10281ebd9ff51875d37eeaaa9"
      }
    },
    "httputils": {
      "version": "0.3.0",
      "vcsRevision": "689da19e9e9cfff4ced85e2b25c6b2b5598ed079",
      "url": "https://github.com/status-im/nim-http-utils.git",
      "downloadMethod": "git",
      "dependencies": [
        "stew"
      ],
      "checksums": {
        "sha1": "4ad3ad68d13c50184180ab4b2eacc0bd7ed2ed44"
      }
    },
    "chronos": {
      "version": "3.0.11",
      "vcsRevision": "5b9ec0837c4f6774b68bd9e5ccc36bd79a65e57d",
      "url": "https://github.com/status-im/nim-chronos.git",
      "downloadMethod": "git",
      "dependencies": [
        "stew",
        "bearssl",
        "httputils",
        "unittest2"
      ],
      "checksums": {
        "sha1": "f80cedd4b561f5e1dc299afc8babc787c7eb8484"
      }
    },
    "metrics": {
      "version": "0.0.1",
      "vcsRevision": "71e0f0e354e1f4c59e3dc92153989c8b723c3440",
      "url": "https://github.com/status-im/nim-metrics",
      "downloadMethod": "git",
      "dependencies": [
        "chronos"
      ],
      "checksums": {
        "sha1": "86da251fe532ef2163da30343688ab1c148c0340"
      }
    },
    "combparser": {
      "version": "0.2.0",
      "vcsRevision": "ba4464c005d7617c008e2ed2ebc1ba52feb469c6",
      "url": "https://github.com/PMunch/combparser",
      "downloadMethod": "git",
      "dependencies": [],
      "checksums": {
        "sha1": "a3635260961a893b88f69aac19f1b24e032a7e97"
      }
    },
    "testutils": {
      "version": "0.4.2",
      "vcsRevision": "aa6e5216f4b4ab5aa971cdcdd70e1ec1203cedf2",
      "url": "https://github.com/status-im/nim-testutils",
      "downloadMethod": "git",
      "dependencies": [
        "unittest2"
      ],
      "checksums": {
        "sha1": "94427e0cce0e0c5841edcd3a6530b4e6b857a3cb"
      }
    },
    "faststreams": {
      "version": "0.3.0",
      "vcsRevision": "1b561a9e71b6bdad1c1cdff753418906037e9d09",
      "url": "https://github.com/status-im/nim-faststreams.git",
      "downloadMethod": "git",
      "dependencies": [
        "stew",
        "testutils",
        "chronos",
        "unittest2"
      ],
      "checksums": {
        "sha1": "97edf9797924af48566a0af8267203dc21d80c77"
      }
    },
    "serialization": {
      "version": "0.1.0",
      "vcsRevision": "fcd0eadadde0ee000a63df8ab21dc4e9f015a790",
      "url": "https://github.com/status-im/nim-serialization.git",
      "downloadMethod": "git",
      "dependencies": [
        "faststreams",
        "unittest2",
        "stew"
      ],
      "checksums": {
        "sha1": "fef59519892cac70cccd81b612085caaa5e3e6cf"
      }
    },
    "json_serialization": {
      "version": "0.1.0",
      "vcsRevision": "c5f0e2465e8375dfc7aa0f56ccef67cb680bc6b0",
      "url": "https://github.com/status-im/nim-json-serialization.git",
      "downloadMethod": "git",
      "dependencies": [
        "serialization",
        "stew"
      ],
      "checksums": {
        "sha1": "d89d79d0679a3a41b350e3ad4be56c0308cc5ec6"
      }
    },
    "chronicles": {
      "version": "0.10.2",
      "vcsRevision": "1682096306ddba8185dcfac360a8c3f952d721e4",
      "url": "https://github.com/status-im/nim-chronicles.git",
      "downloadMethod": "git",
      "dependencies": [
        "testutils",
        "json_serialization"
      ],
      "checksums": {
        "sha1": "9a5bebb76b0f7d587a31e621d260119279e91c76"
      }
    },
    "asynctest": {
      "version": "0.3.1",
      "vcsRevision": "5347c59b4b057443a014722aa40800cd8bb95c69",
      "url": "https://github.com/status-im/asynctest.git",
      "downloadMethod": "git",
      "dependencies": [],
      "checksums": {
        "sha1": "53e0b610d13700296755a4ebe789882cae47a3b9"
      }
    },
    "nimcrypto": {
      "version": "0.5.4",
      "vcsRevision": "a5742a9a214ac33f91615f3862c7b099aec43b00",
      "url": "https://github.com/cheatfate/nimcrypto",
      "downloadMethod": "git",
      "dependencies": [],
      "checksums": {
        "sha1": "f76c87707cd4e96355b8bb6ef27e7f8b0aac1e08"
      }
    },
    "zlib": {
      "version": "0.1.0",
      "vcsRevision": "74cdeb54b21bededb5a515d36f608bc1850555a2",
      "url": "https://github.com/status-im/nim-zlib",
      "downloadMethod": "git",
      "dependencies": [
        "stew"
      ],
      "checksums": {
        "sha1": "01d330dc4c1924e56b1559ee73bc760e526f635c"
      }
    },
    "websock": {
      "version": "0.1.0",
      "vcsRevision": "7b2ed397d6e4c37ea4df08ae82aeac7ff04cd180",
      "url": "https://github.com/status-im/nim-websock",
      "downloadMethod": "git",
      "dependencies": [
        "chronos",
        "httputils",
        "chronicles",
        "stew",
        "asynctest",
        "nimcrypto",
        "bearssl",
        "zlib"
      ],
      "checksums": {
        "sha1": "d27f126527be59f5a0dc35303cb37b82d4e2770b"
      }
    },
    "dnsclient": {
      "version": "0.1.2",
      "vcsRevision": "fbb76f8af8a33ab818184a7d4406d9fee20993be",
      "url": "https://github.com/ba0f3/dnsclient.nim.git",
      "downloadMethod": "git",
      "dependencies": [],
      "checksums": {
        "sha1": "663239a914c814204b30dda6e0902cc0fbd0b8ee"
      }
    },
    "secp256k1": {
      "version": "0.5.2",
      "vcsRevision": "5340cf188168d6afcafc8023770d880f067c0b2f",
      "url": "https://github.com/status-im/nim-secp256k1.git",
      "downloadMethod": "git",
      "dependencies": [
        "stew",
        "nimcrypto"
      ],
      "checksums": {
        "sha1": "ae9cbea4487be94a06653ffee075a7f1bd1e231e"
      }
    },
    "libp2p": {
      "version": "1.0.0",
      "vcsRevision": "a3e9d1ed80c048cd5abc839cbe0863cefcedc702",
      "url": "https://github.com/status-im/nim-libp2p",
      "downloadMethod": "git",
      "dependencies": [
        "nimcrypto",
        "dnsclient",
        "bearssl",
        "chronicles",
        "chronos",
        "metrics",
        "secp256k1",
        "stew",
        "websock"
      ],
      "checksums": {
        "sha1": "65e473566f19f7f9a3529745e7181fb58d30b5ef"
      }
    },
    "protobuf_serialization": {
      "version": "0.2.0",
      "vcsRevision": "f7d671f877e01213494aac7903421ccdbe70616f",
      "url": "https://github.com/status-im/nim-protobuf-serialization.git",
      "downloadMethod": "git",
      "dependencies": [
        "stew",
        "faststreams",
        "serialization",
        "combparser"
      ],
      "checksums": {
        "sha1": "9418459027d0d5eb30a974649dc615a76e8e4aca"
      }
    },
    "stint": {
      "version": "0.0.1",
      "vcsRevision": "036c71d06a6b22f8f967ba9d54afd2189c3872ca",
      "url": "https://github.com/status-im/stint.git",
      "downloadMethod": "git",
      "dependencies": [
        "stew"
      ],
      "checksums": {
        "sha1": "0f187a2115315ca898e5f9a30c5e506cf6057062"
      }
    },
    "datastore": {
      "version": "0.0.1",
      "vcsRevision": "0cde8aeb67c59fd0ac95496dc6b5e1168d6632aa",
      "url": "https://github.com/status-im/nim-datastore",
      "downloadMethod": "git",
      "dependencies": [
      ],
      "checksums": {
        "sha1": "2c03bb47de97962d2a64be1ed0a8161cd9d65159"
      }
    },
    "questionable": {
      "version": "0.10.6",
      "vcsRevision": "30e4184a99c8c1ba329925912d2c5d4b09acf8cc",
      "url": "https://github.com/status-im/questionable",
      "downloadMethod": "git",
      "dependencies": [
      ],
      "checksums": {
        "sha1": "ca2d1e2e0be6566b4bf13261b29645721d01673d"
      }
    },
    "upraises": {
      "version": "0.1.0",
      "vcsRevision": "ff4f8108e44fba9b35cac535ab63d3927e8fd3c2",
      "url": "https://github.com/markspanbroek/upraises",
      "downloadMethod": "git",
      "dependencies": [
      ],
      "checksums": {
        "sha1": "a0243c8039e12d547dbb2e9c73789c16bb8bc956"
      }
    },
    "sqlite3-abi": {
      "version": "3.34.0",
      "vcsRevision": "fda455cfea2df707dde052034411ce63de218453",
      "url": "https://github.com/arnetheduck/nim-sqlite3-abi",
      "downloadMethod": "git",
      "dependencies": [
      ],
      "checksums": {
        "sha1": "720aaffb34259c1a9dd2239c77ee1fbcc2a41346"
      }
    }
  }
}